lockfileVersion: '6.0'

settings:
  autoInstallPeers: true
  excludeLinksFromLockfile: false

dependencies:
  apollojs:
    specifier: ^1.3.0
    version: 1.3.0
  entities:
    specifier: ^5.0.0
    version: 5.0.0

packages:

  /apollojs@1.3.0:
    resolution: {integrity: sha512-JdOcRdRu7nTQDgcG0JbVbTAgIkBcg19GnibUBinf2+eSdjfShZeuX7xPf9D9ndM2FUYTvw+Mb+m8glgbHHddag==}
    engines: {node: '>=0.8'}
    dev: false

  /entities@5.0.0:
    resolution: {integrity: sha512-BeJFvFRJddxobhvEdm5GqHzRV/X+ACeuw0/BuuxsCh1EUZcAIz8+kYmBp/LrQuloy6K1f3a0M7+IhmZ7QnkISA==}
    engines: {node: '>=0.12'}
    dev: false
